
Microsoft Visual Studio Solution File, Format Version 12.00
# Visual Studio Version 16
VisualStudioVersion = 16.0.31410.357
MinimumVisualStudioVersion = 10.0.40219.1
Project("{FAE04EC0-301F-11D3-BF4B-00C04F79EFBC}") = "SortedlistHW", "SortedlistHW\SortedlistHW.csproj", "{EEE7D74C-6F3E-4603-B559-BEA3B5C4D820}"
EndProject
Global
	GlobalSection(SolutionConfigurationPlatforms) = preSolution
		Debug|Any CPU = Debug|Any CPU
		Release|Any CPU = Release|Any CPU
	EndGlobalSection
	GlobalSection(ProjectConfigurationPlatforms) = postSolution
		{EEE7D74C-6F3E-4603-B559-BEA3B5C4D820}.Debug|Any CPU.ActiveCfg = Debug|Any CPU
		{EEE7D74C-6F3E-4603-B559-BEA3B5C4D820}.Debug|Any CPU.Build.0 = Debug|Any CPU
		{EEE7D74C-6F3E-4603-B559-BEA3B5C4D820}.Release|Any CPU.ActiveCfg = Release|Any CPU
		{EEE7D74C-6F3E-4603-B559-BEA3B5C4D820}.Release|Any CPU.Build.0 = Release|Any CPU
	EndGlobalSection
	GlobalSection(SolutionProperties) = preSolution
		HideSolutionNode = FALSE
	EndGlobalSection
	GlobalSection(ExtensibilityGlobals) = postSolution
		SolutionGuid = {D420C678-A4E6-4FCD-8940-4DC9E3619EE5}
	EndGlobalSection
EndGlobal
